
Microsoft Visual Studio Solution File, Format Version 12.00
# Visual Studio Version 17
VisualStudioVersion = 17.11.35312.102
MinimumVisualStudioVersion = 10.0.40219.1
Project("{FAE04EC0-301F-11D3-BF4B-00C04F79EFBC}") = "FetchOrgsAndProjects", "FetchOrgsAndProjects\FetchOrgsAndProjects.csproj", "{DBDA5AC9-D028-4944-8DB7-E4C194226636}"
EndProject
Global
	GlobalSection(SolutionConfigurationPlatforms) = preSolution
		Debug|Any CPU = Debug|Any CPU
		Release|Any CPU = Release|Any CPU
	EndGlobalSection
	GlobalSection(ProjectConfigurationPlatforms) = postSolution
		{DBDA5AC9-D028-4944-8DB7-E4C194226636}.Debug|Any CPU.ActiveCfg = Debug|Any CPU
		{DBDA5AC9-D028-4944-8DB7-E4C194226636}.Debug|Any CPU.Build.0 = Debug|Any CPU
		{DBDA5AC9-D028-4944-8DB7-E4C194226636}.Release|Any CPU.ActiveCfg = Release|Any CPU
		{DBDA5AC9-D028-4944-8DB7-E4C194226636}.Release|Any CPU.Build.0 = Release|Any CPU
	EndGlobalSection
	GlobalSection(SolutionProperties) = preSolution
		HideSolutionNode = FALSE
	EndGlobalSection
	GlobalSection(ExtensibilityGlobals) = postSolution
		SolutionGuid = {B3593B69-2659-4937-9578-1889B904DC1E}
	EndGlobalSection
EndGlobal
